
Microsoft Visual Studio Solution File, Format Version 12.00
# Visual Studio 15
VisualStudioVersion = 15.0.28307.421
MinimumVisualStudioVersion = 10.0.40219.1
Project("{FAE04EC0-301F-11D3-BF4B-00C04F79EFBC}") = "Geolocalizzazione", "Geolocalizzazione\Geolocalizzazione.csproj", "{96F4794A-2650-414A-B8B9-92C4FC2CC518}"
EndProject
Global
	GlobalSection(SolutionConfigurationPlatforms) = preSolution
		Debug|Any CPU = Debug|Any CPU
		Release|Any CPU = Release|Any CPU
	EndGlobalSection
	GlobalSection(ProjectConfigurationPlatforms) = postSolution
		{96F4794A-2650-414A-B8B9-92C4FC2CC518}.Debug|Any CPU.ActiveCfg = Debug|Any CPU
		{96F4794A-2650-414A-B8B9-92C4FC2CC518}.Debug|Any CPU.Build.0 = Debug|Any CPU
		{96F4794A-2650-414A-B8B9-92C4FC2CC518}.Release|Any CPU.ActiveCfg = Release|Any CPU
		{96F4794A-2650-414A-B8B9-92C4FC2CC518}.Release|Any CPU.Build.0 = Release|Any CPU
	EndGlobalSection
	GlobalSection(SolutionProperties) = preSolution
		HideSolutionNode = FALSE
	EndGlobalSection
	GlobalSection(ExtensibilityGlobals) = postSolution
		SolutionGuid = {8636AF4C-6A32-4D2D-845D-FC824A60DEDF}
	EndGlobalSection
EndGlobal
